// !$*UTF8*$!
{
	archiveVersion = 1;
	classes = {
	};
	objectVersion = 46;
	objects = {

/* Begin PBXAppleScriptBuildPhase section */
		4E446D8D0730980800EF95E7 /* AppleScript */ = {
			isa = PBXAppleScriptBuildPhase;
			buildActionMask = 2147483647;
			contextName = "";
			files = (
				4E446D8E0730980800EF95E7 /* Application.applescript in AppleScript */,
				4E446D8F0730980800EF95E7 /* Content Controller.applescript in AppleScript */,
			);
			isSharedContext = 0;
			runOnlyForDeploymentPostprocessing = 0;
		};
/* End PBXAppleScriptBuildPhase section */

/* Begin PBXBuildFile section */
		4E446D8B0730980800EF95E7 /* InfoPlist.strings in Resources */ = {isa = PBXBuildFile; fileRef = 089C165CFE840E0CC02AAC07 /* InfoPlist.strings */; };
		4E446D8C0730980800EF95E7 /* MainMenu.nib in Resources */ = {isa = PBXBuildFile; fileRef = DA6A8E8E012054F403000001 /* MainMenu.nib */; };
		4E446D8E0730980800EF95E7 /* Application.applescript in AppleScript */ = {isa = PBXBuildFile; fileRef = 01BFABA0FFEAD6FD11CA2A57 /* Application.applescript */; settings = {ATTRIBUTES = (Debug, ); }; };
		4E446D8F0730980800EF95E7 /* Content Controller.applescript in AppleScript */ = {isa = PBXBuildFile; fileRef = DAA5FDB0007658A203000001 /* Content Controller.applescript */; settings = {ATTRIBUTES = (Debug, ); }; };
		4E446D910730980800EF95E7 /* main.m in Sources */ = {isa = PBXBuildFile; fileRef = 29B97316FDCFA39411CA2CEA /* main.m */; settings = {ATTRIBUTES = (); }; };
		4E446D930730980800EF95E7 /* Cocoa.framework in Frameworks */ = {isa = PBXBuildFile; fileRef = 1058C7A1FEA54F0111CA2CBB /* Cocoa.framework */; };
		4E446D940730980800EF95E7 /* AppleScriptKit.framework in Frameworks */ = {isa = PBXBuildFile; fileRef = 30A442CB002CBA85C0A80106 /* AppleScriptKit.framework */; };
		CA03153D0CF1FBF0005727AC /* EnergyPlus.icns in Resources */ = {isa = PBXBuildFile; fileRef = CA03153C0CF1FBF0005727AC /* EnergyPlus.icns */; };
		CA8866270C20723400FFBB4C /* ep-small.gif in Resources */ = {isa = PBXBuildFile; fileRef = CA8866260C20723400FFBB4C /* ep-small.gif */; };
/* End PBXBuildFile section */

/* Begin PBXFileReference section */
		01BFABA0FFEAD6FD11CA2A57 /* Application.applescript */ = {isa = PBXFileReference; fileEncoding = 30; lastKnownFileType = sourcecode.applescript; path = Application.applescript; sourceTree = "<group>"; };
		089C165DFE840E0CC02AAC07 /* English */ = {isa = PBXFileReference; fileEncoding = 10; lastKnownFileType = text.plist.strings; name = English; path = English.lproj/InfoPlist.strings; sourceTree = "<group>"; };
		1058C7A1FEA54F0111CA2CBB /* Cocoa.framework */ = {isa = PBXFileReference; lastKnownFileType = wrapper.framework; name = Cocoa.framework; path = /System/Library/Frameworks/Cocoa.framework; sourceTree = "<absolute>"; };
		29B97316FDCFA39411CA2CEA /* main.m */ = {isa = PBXFileReference; fileEncoding = 30; lastKnownFileType = sourcecode.c.objc; path = main.m; sourceTree = "<group>"; };
		29B97324FDCFA39411CA2CEA /* AppKit.framework */ = {isa = PBXFileReference; lastKnownFileType = wrapper.framework; name = AppKit.framework; path = /System/Library/Frameworks/AppKit.framework; sourceTree = "<absolute>"; };
		29B97325FDCFA39411CA2CEA /* Foundation.framework */ = {isa = PBXFileReference; lastKnownFileType = wrapper.framework; name = Foundation.framework; path = /System/Library/Frameworks/Foundation.framework; sourceTree = "<absolute>"; };
		30A442CB002CBA85C0A80106 /* AppleScriptKit.framework */ = {isa = PBXFileReference; lastKnownFileType = wrapper.framework; name = AppleScriptKit.framework; path = /System/Library/Frameworks/AppleScriptKit.framework; sourceTree = "<absolute>"; };
		4E446D960730980800EF95E7 /* Info.plist */ = {isa = PBXFileReference; lastKnownFileType = text.plist.xml; path = Info.plist; sourceTree = "<group>"; };
		4E446D970730980900EF95E7 /* EP-Launch Lite.app */ = {isa = PBXFileReference; explicitFileType = wrapper.application; includeInIndex = 0; path = "EP-Launch Lite.app"; sourceTree = BUILT_PRODUCTS_DIR; };
		65024D6D078DD96500CC0C36 /* AppleScriptKit.sdef */ = {isa = PBXFileReference; fileEncoding = 30; lastKnownFileType = text.sdef; name = AppleScriptKit.sdef; path = /System/Library/Frameworks/AppleScriptKit.framework/Versions/A/Resources/AppleScriptKit.sdef; sourceTree = "<absolute>"; };
		CA03153C0CF1FBF0005727AC /* EnergyPlus.icns */ = {isa = PBXFileReference; lastKnownFileType = image.icns; path = EnergyPlus.icns; sourceTree = "<group>"; };
		CA8866260C20723400FFBB4C /* ep-small.gif */ = {isa = PBXFileReference; lastKnownFileType = image.gif; path = "ep-small.gif"; sourceTree = "<group>"; };
		DA6A8E8F012054F403000001 /* English */ = {isa = PBXFileReference; lastKnownFileType = wrapper.nib; name = English; path = English.lproj/MainMenu.nib; sourceTree = "<group>"; };
		DAA5FDB0007658A203000001 /* Content Controller.applescript */ = {isa = PBXFileReference; fileEncoding = 30; lastKnownFileType = sourcecode.applescript; path = "Content Controller.applescript"; sourceTree = "<group>"; };
/* End PBXFileReference section */

/* Begin PBXFrameworksBuildPhase section */
		4E446D920730980800EF95E7 /* Frameworks */ = {
			isa = PBXFrameworksBuildPhase;
			buildActionMask = 2147483647;
			files = (
				4E446D930730980800EF95E7 /* Cocoa.framework in Frameworks */,
				4E446D940730980800EF95E7 /* AppleScriptKit.framework in Frameworks */,
			);
			runOnlyForDeploymentPostprocessing = 0;
		};
/* End PBXFrameworksBuildPhase section */

/* Begin PBXGroup section */
		01BFAB9AFFEAD67C11CA2A57 /* Scripts */ = {
			isa = PBXGroup;
			children = (
				01BFABA0FFEAD6FD11CA2A57 /* Application.applescript */,
				DAA5FDB0007658A203000001 /* Content Controller.applescript */,
			);
			name = Scripts;
			sourceTree = "<group>";
		};
		1058C7A0FEA54F0111CA2CBB /* Linked Frameworks */ = {
			isa = PBXGroup;
			children = (
				1058C7A1FEA54F0111CA2CBB /* Cocoa.framework */,
			);
			name = "Linked Frameworks";
			sourceTree = "<group>";
		};
		1058C7A2FEA54F0111CA2CBB /* Other Frameworks */ = {
			isa = PBXGroup;
			children = (
				29B97325FDCFA39411CA2CEA /* Foundation.framework */,
				29B97324FDCFA39411CA2CEA /* AppKit.framework */,
				30A442CB002CBA85C0A80106 /* AppleScriptKit.framework */,
			);
			name = "Other Frameworks";
			sourceTree = "<group>";
		};
		19C28FACFE9D520D11CA2CBB /* Products */ = {
			isa = PBXGroup;
			children = (
				4E446D970730980900EF95E7 /* EP-Launch Lite.app */,
			);
			name = Products;
			sourceTree = "<group>";
		};
		29B97314FDCFA39411CA2CEA /* Application */ = {
			isa = PBXGroup;
			children = (
				01BFAB9AFFEAD67C11CA2A57 /* Scripts */,
				29B97317FDCFA39411CA2CEA /* Resources */,
				29B97315FDCFA39411CA2CEA /* Other Sources */,
				29B97323FDCFA39411CA2CEA /* Frameworks */,
				19C28FACFE9D520D11CA2CBB /* Products */,
				4E446D960730980800EF95E7 /* Info.plist */,
			);
			name = Application;
			sourceTree = "<group>";
		};
		29B97315FDCFA39411CA2CEA /* Other Sources */ = {
			isa = PBXGroup;
			children = (
				29B97316FDCFA39411CA2CEA /* main.m */,
			);
			name = "Other Sources";
			sourceTree = "<group>";
		};
		29B97317FDCFA39411CA2CEA /* Resources */ = {
			isa = PBXGroup;
			children = (
				CA03153C0CF1FBF0005727AC /* EnergyPlus.icns */,
				CA8866260C20723400FFBB4C /* ep-small.gif */,
				DA6A8E8E012054F403000001 /* MainMenu.nib */,
				089C165CFE840E0CC02AAC07 /* InfoPlist.strings */,
				65024D6D078DD96500CC0C36 /* AppleScriptKit.sdef */,
			);
			name = Resources;
			sourceTree = "<group>";
		};
		29B97323FDCFA39411CA2CEA /* Frameworks */ = {
			isa = PBXGroup;
			children = (
				1058C7A0FEA54F0111CA2CBB /* Linked Frameworks */,
				1058C7A2FEA54F0111CA2CBB /* Other Frameworks */,
			);
			name = Frameworks;
			sourceTree = "<group>";
		};
/* End PBXGroup section */

/* Begin PBXHeadersBuildPhase section */
		4E446D890730980800EF95E7 /* Headers */ = {
			isa = PBXHeadersBuildPhase;
			buildActionMask = 2147483647;
			files = (
			);
			runOnlyForDeploymentPostprocessing = 0;
		};
/* End PBXHeadersBuildPhase section */

/* Begin PBXNativeTarget section */
		4E446D880730980800EF95E7 /* EP-Launch Lite 8.3.0 */ = {
			isa = PBXNativeTarget;
			buildConfigurationList = 4E4B5FCD08859351007FFB18 /* Build configuration list for PBXNativeTarget "EP-Launch Lite 8.3.0" */;
			buildPhases = (
				4E446D890730980800EF95E7 /* Headers */,
				4E446D8A0730980800EF95E7 /* Resources */,
				4E446D8D0730980800EF95E7 /* AppleScript */,
				4E446D900730980800EF95E7 /* Sources */,
				4E446D920730980800EF95E7 /* Frameworks */,
				4E446D950730980800EF95E7 /* Rez */,
			);
			buildRules = (
			);
			dependencies = (
			);
			name = "EP-Launch Lite 8.3.0";
			productInstallPath = "$(HOME)/Applications";
			productName = Application;
			productReference = 4E446D970730980900EF95E7 /* EP-Launch Lite.app */;
			productType = "com.apple.product-type.application";
		};
/* End PBXNativeTarget section */

/* Begin PBXProject section */
		29B97313FDCFA39411CA2CEA /* Project object */ = {
			isa = PBXProject;
			attributes = {
				BuildIndependentTargetsInParallel = YES;
				LastUpgradeCheck = 0420;
			};
			buildConfigurationList = 4E4B5FD108859351007FFB18 /* Build configuration list for PBXProject "EnergyPlus 3.1+ Interface" */;
			compatibilityVersion = "Xcode 3.2";
			developmentRegion = English;
			hasScannedForEncodings = 1;
			knownRegions = (
				en,
			);
			mainGroup = 29B97314FDCFA39411CA2CEA /* Application */;
			projectDirPath = "";
			projectRoot = "";
			targets = (
				4E446D880730980800EF95E7 /* EP-Launch Lite 8.3.0 */,
			);
		};
/* End PBXProject section */

/* Begin PBXResourcesBuildPhase section */
		4E446D8A0730980800EF95E7 /* Resources */ = {
			isa = PBXResourcesBuildPhase;
			buildActionMask = 2147483647;
			files = (
				4E446D8B0730980800EF95E7 /* InfoPlist.strings in Resources */,
				4E446D8C0730980800EF95E7 /* MainMenu.nib in Resources */,
				CA8866270C20723400FFBB4C /* ep-small.gif in Resources */,
				CA03153D0CF1FBF0005727AC /* EnergyPlus.icns in Resources */,
			);
			runOnlyForDeploymentPostprocessing = 0;
		};
/* End PBXResourcesBuildPhase section */

/* Begin PBXRezBuildPhase section */
		4E446D950730980800EF95E7 /* Rez */ = {
			isa = PBXRezBuildPhase;
			buildActionMask = 2147483647;
			files = (
			);
			runOnlyForDeploymentPostprocessing = 0;
		};
/* End PBXRezBuildPhase section */

/* Begin PBXSourcesBuildPhase section */
		4E446D900730980800EF95E7 /* Sources */ = {
			isa = PBXSourcesBuildPhase;
			buildActionMask = 2147483647;
			files = (
				4E446D910730980800EF95E7 /* main.m in Sources */,
			);
			runOnlyForDeploymentPostprocessing = 0;
		};
/* End PBXSourcesBuildPhase section */

/* Begin PBXVariantGroup section */
		089C165CFE840E0CC02AAC07 /* InfoPlist.strings */ = {
			isa = PBXVariantGroup;
			children = (
				089C165DFE840E0CC02AAC07 /* English */,
			);
			name = InfoPlist.strings;
			sourceTree = "<group>";
		};
		DA6A8E8E012054F403000001 /* MainMenu.nib */ = {
			isa = PBXVariantGroup;
			children = (
				DA6A8E8F012054F403000001 /* English */,
			);
			name = MainMenu.nib;
			sourceTree = "<group>";
		};
/* End PBXVariantGroup section */

/* Begin XCBuildConfiguration section */
		4E4B5FCE08859351007FFB18 /* Debug */ = {
			isa = XCBuildConfiguration;
			buildSettings = {
				ARCHS = "$(ARCHS_STANDARD_32_64_BIT_PRE_XCODE_3_1)";
				ARCHS_STANDARD_32_64_BIT_PRE_XCODE_3_1 = "ppc i386 ppc64 x86_64";
				CONFIGURATION_BUILD_DIR = "$(BUILD_DIR)/$(CONFIGURATION)";
				COPY_PHASE_STRIP = NO;
				GCC_DYNAMIC_NO_PIC = NO;
				GCC_MODEL_TUNING = G5;
				GCC_OPTIMIZATION_LEVEL = 0;
				INFOPLIST_FILE = Info.plist;
				INSTALL_PATH = "$(HOME)/Applications";
				OBJROOT = "$(BUILD_DIR)";
				PRODUCT_NAME = EnergyPlus;
				SYMROOT = "$(PROJECT_DIR)/build";
				VALID_ARCHS = i386;
				WRAPPER_EXTENSION = app;
				ZERO_LINK = YES;
			};
			name = Debug;
		};
		4E4B5FCF08859351007FFB18 /* Release */ = {
			isa = XCBuildConfiguration;
			buildSettings = {
				ARCHS = "$(ARCHS_STANDARD_32_64_BIT_PRE_XCODE_3_1)";
				ARCHS_STANDARD_32_64_BIT_PRE_XCODE_3_1 = "ppc i386 ppc64 x86_64";
				CONFIGURATION_BUILD_DIR = "$(BUILD_DIR)/$(CONFIGURATION)";
				GCC_GENERATE_DEBUGGING_SYMBOLS = NO;
				GCC_MODEL_TUNING = "";
				INFOPLIST_FILE = Info.plist;
				INSTALL_PATH = /Applications;
				OBJROOT = "$(BUILD_DIR)";
				OTHER_OSAFLAGS = "-x";
				PRODUCT_NAME = "EP-Launch Lite";
				SYMROOT = "$(PROJECT_DIR)/build";
				VALID_ARCHS = i386;
				WRAPPER_EXTENSION = app;
			};
			name = Release;
		};
		4E4B5FD208859351007FFB18 /* Debug */ = {
			isa = XCBuildConfiguration;
			buildSettings = {
				GCC_WARN_ABOUT_RETURN_TYPE = YES;
				GCC_WARN_UNUSED_VARIABLE = YES;
				MACOSX_DEPLOYMENT_TARGET = 10.6;
				SDKROOT = macosx10.6;
				SYMROOT = "$(PROJECT_DIR)/build";
			};
			name = Debug;
		};
		4E4B5FD308859351007FFB18 /* Release */ = {
			isa = XCBuildConfiguration;
			buildSettings = {
				GCC_WARN_ABOUT_RETURN_TYPE = YES;
				GCC_WARN_UNUSED_VARIABLE = YES;
				MACOSX_DEPLOYMENT_TARGET = 10.6;
				SDKROOT = macosx10.6;
				SYMROOT = "$(PROJECT_DIR)/build";
			};
			name = Release;
		};
/* End XCBuildConfiguration section */

/* Begin XCConfigurationList section */
		4E4B5FCD08859351007FFB18 /* Build configuration list for PBXNativeTarget "EP-Launch Lite 8.3.0" */ = {
			isa = XCConfigurationList;
			buildConfigurations = (
				4E4B5FCE08859351007FFB18 /* Debug */,
				4E4B5FCF08859351007FFB18 /* Release */,
			);
			defaultConfigurationIsVisible = 0;
			defaultConfigurationName = Release;
		};
		4E4B5FD108859351007FFB18 /* Build configuration list for PBXProject "EnergyPlus 3.1+ Interface" */ = {
			isa = XCConfigurationList;
			buildConfigurations = (
				4E4B5FD208859351007FFB18 /* Debug */,
				4E4B5FD308859351007FFB18 /* Release */,
			);
			defaultConfigurationIsVisible = 0;
			defaultConfigurationName = Release;
		};
/* End XCConfigurationList section */
	};
	rootObject = 29B97313FDCFA39411CA2CEA /* Project object */;
}
